// !$*UTF8*$!
{
	archiveVersion = 1;
	classes = {
	};
	objectVersion = 50;
	objects = {

/* Begin PBXBuildFile section */
		18CB240E215236DF000B7C2B /* AppDelegate.swift in Sources */ = {isa = PBXBuildFile; fileRef = 18CB240D215236DF000B7C2B /* AppDelegate.swift */; };
		18CB2410215236DF000B7C2B /* ViewController.swift in Sources */ = {isa = PBXBuildFile; fileRef = 18CB240F215236DF000B7C2B /* ViewController.swift */; };
		18CB2413215236DF000B7C2B /* Main.storyboard in Resources */ = {isa = PBXBuildFile; fileRef = 18CB2411215236DF000B7C2B /* Main.storyboard */; };
		18CB2415215236E3000B7C2B /* Assets.xcassets in Resources */ = {isa = PBXBuildFile; fileRef = 18CB2414215236E3000B7C2B /* Assets.xcassets */; };
		18CB2418215236E3000B7C2B /* LaunchScreen.storyboard in Resources */ = {isa = PBXBuildFile; fileRef = 18CB2416215236E3000B7C2B /* LaunchScreen.storyboard */; };
		AD611D9221582294006FBC51 /* TACircleSlider.swift in Sources */ = {isa = PBXBuildFile; fileRef = AD611D9121582294006FBC51 /* TACircleSlider.swift */; };
/* End PBXBuildFile section */

/* Begin PBXFileReference section */
		18CB240A215236DF000B7C2B /* CircleSlider.app */ = {isa = PBXFileReference; explicitFileType = wrapper.application; includeInIndex = 0; path = CircleSlider.app; sourceTree = BUILT_PRODUCTS_DIR; };
		18CB240D215236DF000B7C2B /* AppDelegate.swift */ = {isa = PBXFileReference; lastKnownFileType = sourcecode.swift; path = AppDelegate.swift; sourceTree = "<group>"; };
		18CB240F215236DF000B7C2B /* ViewController.swift */ = {isa = PBXFileReference; lastKnownFileType = sourcecode.swift; path = ViewController.swift; sourceTree = "<group>"; };
		18CB2412215236DF000B7C2B /* Base */ = {isa = PBXFileReference; lastKnownFileType = file.storyboard; name = Base; path = Base.lproj/Main.storyboard; sourceTree = "<group>"; };
		18CB2414215236E3000B7C2B /* Assets.xcassets */ = {isa = PBXFileReference; lastKnownFileType = folder.assetcatalog; path = Assets.xcassets; sourceTree = "<group>"; };
		18CB2417215236E3000B7C2B /* Base */ = {isa = PBXFileReference; lastKnownFileType = file.storyboard; name = Base; path = Base.lproj/LaunchScreen.storyboard; sourceTree = "<group>"; };
		18CB2419215236E3000B7C2B /* Info.plist */ = {isa = PBXFileReference; lastKnownFileType = text.plist.xml; path = Info.plist; sourceTree = "<group>"; };
		AD611D9121582294006FBC51 /* TACircleSlider.swift */ = {isa = PBXFileReference; fileEncoding = 4; lastKnownFileType = sourcecode.swift; path = TACircleSlider.swift; sourceTree = "<group>"; };
/* End PBXFileReference section */

/* Begin PBXFrameworksBuildPhase section */
		18CB2407215236DF000B7C2B /* Frameworks */ = {
			isa = PBXFrameworksBuildPhase;
			buildActionMask = 2147483647;
			files = (
			);
			runOnlyForDeploymentPostprocessing = 0;
		};
/* End PBXFrameworksBuildPhase section */

/* Begin PBXGroup section */
		18CB2401215236DF000B7C2B = {
			isa = PBXGroup;
			children = (
				18CB240C215236DF000B7C2B /* CircleSlider */,
				18CB240B215236DF000B7C2B /* Products */,
			);
			sourceTree = "<group>";
		};
		18CB240B215236DF000B7C2B /* Products */ = {
			isa = PBXGroup;
			children = (
				18CB240A215236DF000B7C2B /* CircleSlider.app */,
			);
			name = Products;
			sourceTree = "<group>";
		};
		18CB240C215236DF000B7C2B /* CircleSlider */ = {
			isa = PBXGroup;
			children = (
				18CB241F215236F9000B7C2B /* CircleSlider */,
				18CB240D215236DF000B7C2B /* AppDelegate.swift */,
				18CB240F215236DF000B7C2B /* ViewController.swift */,
				18CB2411215236DF000B7C2B /* Main.storyboard */,
				18CB2414215236E3000B7C2B /* Assets.xcassets */,
				18CB2416215236E3000B7C2B /* LaunchScreen.storyboard */,
				18CB2419215236E3000B7C2B /* Info.plist */,
			);
			path = CircleSlider;
			sourceTree = "<group>";
		};
		18CB241F215236F9000B7C2B /* CircleSlider */ = {
			isa = PBXGroup;
			children = (
				AD611D9121582294006FBC51 /* TACircleSlider.swift */,
			);
			path = CircleSlider;
			sourceTree = "<group>";
		};
/* End PBXGroup section */

/* Begin PBXNativeTarget section */
		18CB2409215236DF000B7C2B /* CircleSlider */ = {
			isa = PBXNativeTarget;
			buildConfigurationList = 18CB241C215236E3000B7C2B /* Build configuration list for PBXNativeTarget "CircleSlider" */;
			buildPhases = (
				18CB2406215236DF000B7C2B /* Sources */,
				18CB2407215236DF000B7C2B /* Frameworks */,
				18CB2408215236DF000B7C2B /* Resources */,
			);
			buildRules = (
			);
			dependencies = (
			);
			name = CircleSlider;
			productName = CircleSlider;
			productReference = 18CB240A215236DF000B7C2B /* CircleSlider.app */;
			productType = "com.apple.product-type.application";
		};
/* End PBXNativeTarget section */

/* Begin PBXProject section */
		18CB2402215236DF000B7C2B /* Project object */ = {
			isa = PBXProject;
			attributes = {
				LastSwiftUpdateCheck = 0940;
				LastUpgradeCheck = 0940;
				ORGANIZATIONNAME = FPT;
				TargetAttributes = {
					18CB2409215236DF000B7C2B = {
						CreatedOnToolsVersion = 9.4.1;
					};
				};
			};
			buildConfigurationList = 18CB2405215236DF000B7C2B /* Build configuration list for PBXProject "CircleSlider" */;
			compatibilityVersion = "Xcode 9.3";
			developmentRegion = en;
			hasScannedForEncodings = 0;
			knownRegions = (
				en,
				Base,
			);
			mainGroup = 18CB2401215236DF000B7C2B;
			productRefGroup = 18CB240B215236DF000B7C2B /* Products */;
			projectDirPath = "";
			projectRoot = "";
			targets = (
				18CB2409215236DF000B7C2B /* CircleSlider */,
			);
		};
/* End PBXProject section */

/* Begin PBXResourcesBuildPhase section */
		18CB2408215236DF000B7C2B /* Resources */ = {
			isa = PBXResourcesBuildPhase;
			buildActionMask = 2147483647;
			files = (
				18CB2418215236E3000B7C2B /* LaunchScreen.storyboard in Resources */,
				18CB2415215236E3000B7C2B /* Assets.xcassets in Resources */,
				18CB2413215236DF000B7C2B /* Main.storyboard in Resources */,
			);
			runOnlyForDeploymentPostprocessing = 0;
		};
/* End PBXResourcesBuildPhase section */

/* Begin PBXSourcesBuildPhase section */
		18CB2406215236DF000B7C2B /* Sources */ = {
			isa = PBXSourcesBuildPhase;
			buildActionMask = 2147483647;
			files = (
				18CB2410215236DF000B7C2B /* ViewController.swift in Sources */,
				AD611D9221582294006FBC51 /* TACircleSlider.swift in Sources */,
				18CB240E215236DF000B7C2B /* AppDelegate.swift in Sources */,
			);
			runOnlyForDeploymentPostprocessing = 0;
		};
/* End PBXSourcesBuildPhase section */

/* Begin PBXVariantGroup section */
		18CB2411215236DF000B7C2B /* Main.storyboard */ = {
			isa = PBXVariantGroup;
			children = (
				18CB2412215236DF000B7C2B /* Base */,
			);
			name = Main.storyboard;
			sourceTree = "<group>";
		};
		18CB2416215236E3000B7C2B /* LaunchScreen.storyboard */ = {
			isa = PBXVariantGroup;
			children = (
				18CB2417215236E3000B7C2B /* Base */,
			);
			name = LaunchScreen.storyboard;
			sourceTree = "<group>";
		};
/* End PBXVariantGroup section */

/* Begin XCBuildConfiguration section */
		18CB241A215236E3000B7C2B /* Debug */ = {
			isa = XCBuildConfiguration;
			buildSettings = {
				ALWAYS_SEARCH_USER_PATHS = NO;
				CLANG_ANALYZER_NONNULL = YES;
				CLANG_ANALYZER_NUMBER_OBJECT_CONVERSION = YES_AGGRESSIVE;
				CLANG_CXX_LANGUAGE_STANDARD = "gnu++14";
				CLANG_CXX_LIBRARY = "libc++";
				CLANG_ENABLE_MODULES = YES;
				CLANG_ENABLE_OBJC_ARC = YES;
				CLANG_ENABLE_OBJC_WEAK = YES;
				CLANG_WARN_BLOCK_CAPTURE_AUTORELEASING = YES;
				CLANG_WARN_BOOL_CONVERSION = YES;
				CLANG_WARN_COMMA = YES;
				CLANG_WARN_CONSTANT_CONVERSION = YES;
				CLANG_WARN_DEPRECATED_OBJC_IMPLEMENTATIONS = YES;
				CLANG_WARN_DIRECT_OBJC_ISA_USAGE = YES_ERROR;
				CLANG_WARN_DOCUMENTATION_COMMENTS = YES;
				CLANG_WARN_EMPTY_BODY = YES;
				CLANG_WARN_ENUM_CONVERSION = YES;
				CLANG_WARN_INFINITE_RECURSION = YES;
				CLANG_WARN_INT_CONVERSION = YES;
				CLANG_WARN_NON_LITERAL_NULL_CONVERSION = YES;
				CLANG_WARN_OBJC_IMPLICIT_RETAIN_SELF = YES;
				CLANG_WARN_OBJC_LITERAL_CONVERSION = YES;
				CLANG_WARN_OBJC_ROOT_CLASS = YES_ERROR;
				CLANG_WARN_RANGE_LOOP_ANALYSIS = YES;
				CLANG_WARN_STRICT_PROTOTYPES = YES;
				CLANG_WARN_SUSPICIOUS_MOVE = YES;
				CLANG_WARN_UNGUARDED_AVAILABILITY = YES_AGGRESSIVE;
				CLANG_WARN_UNREACHABLE_CODE = YES;
				CLANG_WARN__DUPLICATE_METHOD_MATCH = YES;
				CODE_SIGN_IDENTITY = "iPhone Developer";
				COPY_PHASE_STRIP = NO;
				DEBUG_INFORMATION_FORMAT = dwarf;
				ENABLE_STRICT_OBJC_MSGSEND = YES;
				ENABLE_TESTABILITY = YES;
				GCC_C_LANGUAGE_STANDARD = gnu11;
				GCC_DYNAMIC_NO_PIC = NO;
				GCC_NO_COMMON_BLOCKS = YES;
				GCC_OPTIMIZATION_LEVEL = 0;
				GCC_PREPROCESSOR_DEFINITIONS = (
					"DEBUG=1",
					"$(inherited)",
				);
				GCC_WARN_64_TO_32_BIT_CONVERSION = YES;
				GCC_WARN_ABOUT_RETURN_TYPE = YES_ERROR;
				GCC_WARN_UNDECLARED_SELECTOR = YES;
				GCC_WARN_UNINITIALIZED_AUTOS = YES_AGGRESSIVE;
				GCC_WARN_UNUSED_FUNCTION = YES;
				GCC_WARN_UNUSED_VARIABLE = YES;
				IPHONEOS_DEPLOYMENT_TARGET = 11.4;
				MTL_ENABLE_DEBUG_INFO = YES;
				ONLY_ACTIVE_ARCH = YES;
				SDKROOT = iphoneos;
				SWIFT_ACTIVE_COMPILATION_CONDITIONS = DEBUG;
				SWIFT_OPTIMIZATION_LEVEL = "-Onone";
			};
			name = Debug;
		};
		18CB241B215236E3000B7C2B /* Release */ = {
			isa = XCBuildConfiguration;
			buildSettings = {
				ALWAYS_SEARCH_USER_PATHS = NO;
				CLANG_ANALYZER_NONNULL = YES;
				CLANG_ANALYZER_NUMBER_OBJECT_CONVERSION = YES_AGGRESSIVE;
				CLANG_CXX_LANGUAGE_STANDARD = "gnu++14";
				CLANG_CXX_LIBRARY = "libc++";
				CLANG_ENABLE_MODULES = YES;
				CLANG_ENABLE_OBJC_ARC = YES;
				CLANG_ENABLE_OBJC_WEAK = YES;
				CLANG_WARN_BLOCK_CAPTURE_AUTORELEASING = YES;
				CLANG_WARN_BOOL_CONVERSION = YES;
				CLANG_WARN_COMMA = YES;
				CLANG_WARN_CONSTANT_CONVERSION = YES;
				CLANG_WARN_DEPRECATED_OBJC_IMPLEMENTATIONS = YES;
				CLANG_WARN_DIRECT_OBJC_ISA_USAGE = YES_ERROR;
				CLANG_WARN_DOCUMENTATION_COMMENTS = YES;
				CLANG_WARN_EMPTY_BODY = YES;
				CLANG_WARN_ENUM_CONVERSION = YES;
				CLANG_WARN_INFINITE_RECURSION = YES;
				CLANG_WARN_INT_CONVERSION = YES;
				CLANG_WARN_NON_LITERAL_NULL_CONVERSION = YES;
				CLANG_WARN_OBJC_IMPLICIT_RETAIN_SELF = YES;
				CLANG_WARN_OBJC_LITERAL_CONVERSION = YES;
				CLANG_WARN_OBJC_ROOT_CLASS = YES_ERROR;
				CLANG_WARN_RANGE_LOOP_ANALYSIS = YES;
				CLANG_WARN_STRICT_PROTOTYPES = YES;
				CLANG_WARN_SUSPICIOUS_MOVE = YES;
				CLANG_WARN_UNGUARDED_AVAILABILITY = YES_AGGRESSIVE;
				CLANG_WARN_UNREACHABLE_CODE = YES;
				CLANG_WARN__DUPLICATE_METHOD_MATCH = YES;
				CODE_SIGN_IDENTITY = "iPhone Developer";
				COPY_PHASE_STRIP = NO;
				DEBUG_INFORMATION_FORMAT = "dwarf-with-dsym";
				ENABLE_NS_ASSERTIONS = NO;
				ENABLE_STRICT_OBJC_MSGSEND = YES;
				GCC_C_LANGUAGE_STANDARD = gnu11;
				GCC_NO_COMMON_BLOCKS = YES;
				GCC_WARN_64_TO_32_BIT_CONVERSION = YES;
				GCC_WARN_ABOUT_RETURN_TYPE = YES_ERROR;
				GCC_WARN_UNDECLARED_SELECTOR = YES;
				GCC_WARN_UNINITIALIZED_AUTOS = YES_AGGRESSIVE;
				GCC_WARN_UNUSED_FUNCTION = YES;
				GCC_WARN_UNUSED_VARIABLE = YES;
				IPHONEOS_DEPLOYMENT_TARGET = 11.4;
				MTL_ENABLE_DEBUG_INFO = NO;
				SDKROOT = iphoneos;
				SWIFT_COMPILATION_MODE = wholemodule;
				SWIFT_OPTIMIZATION_LEVEL = "-O";
				VALIDATE_PRODUCT = YES;
			};
			name = Release;
		};
		18CB241D215236E3000B7C2B /* Debug */ = {
			isa = XCBuildConfiguration;
			buildSettings = {
				ASSETCATALOG_COMPILER_APPICON_NAME = AppIcon;
				CODE_SIGN_STYLE = Automatic;
				DEVELOPMENT_TEAM = EF75AEB9W9;
				INFOPLIST_FILE = CircleSlider/Info.plist;
				LD_RUNPATH_SEARCH_PATHS = (
					"$(inherited)",
					"@executable_path/Frameworks",
				);
				PRODUCT_BUNDLE_IDENTIFIER = FPT.CircleSlider;
				PRODUCT_NAME = "$(TARGET_NAME)";
				SWIFT_VERSION = 4.0;
				TARGETED_DEVICE_FAMILY = "1,2";
			};
			name = Debug;
		};
		18CB241E215236E3000B7C2B /* Release */ = {
			isa = XCBuildConfiguration;
			buildSettings = {
				ASSETCATALOG_COMPILER_APPICON_NAME = AppIcon;
				CODE_SIGN_STYLE = Automatic;
				DEVELOPMENT_TEAM = EF75AEB9W9;
				INFOPLIST_FILE = CircleSlider/Info.plist;
				LD_RUNPATH_SEARCH_PATHS = (
					"$(inherited)",
					"@executable_path/Frameworks",
				);
				PRODUCT_BUNDLE_IDENTIFIER = FPT.CircleSlider;
				PRODUCT_NAME = "$(TARGET_NAME)";
				SWIFT_VERSION = 4.0;
				TARGETED_DEVICE_FAMILY = "1,2";
			};
			name = Release;
		};
/* End XCBuildConfiguration section */

/* Begin XCConfigurationList section */
		18CB2405215236DF000B7C2B /* Build configuration list for PBXProject "CircleSlider" */ = {
			isa = XCConfigurationList;
			buildConfigurations = (
				18CB241A215236E3000B7C2B /* Debug */,
				18CB241B215236E3000B7C2B /* Release */,
			);
			defaultConfigurationIsVisible = 0;
			defaultConfigurationName = Release;
		};
		18CB241C215236E3000B7C2B /* Build configuration list for PBXNativeTarget "CircleSlider" */ = {
			isa = XCConfigurationList;
			buildConfigurations = (
				18CB241D215236E3000B7C2B /* Debug */,
				18CB241E215236E3000B7C2B /* Release */,
			);
			defaultConfigurationIsVisible = 0;
			defaultConfigurationName = Release;
		};
/* End XCConfigurationList section */
	};
	rootObject = 18CB2402215236DF000B7C2B /* Project object */;
}
